
Microsoft Visual Studio Solution File, Format Version 12.00
# Visual Studio Version 16
VisualStudioVersion = 16.0.31205.134
MinimumVisualStudioVersion = 10.0.40219.1
Project("{FAE04EC0-301F-11D3-BF4B-00C04F79EFBC}") = "IMCCalculator.Android", "IMCCalculator\IMCCalculator.Android\IMCCalculator.Android.csproj", "{DC1E3F0D-980E-4848-A78C-4B0C3BF34923}"
EndProject
Project("{FAE04EC0-301F-11D3-BF4B-00C04F79EFBC}") = "IMCCalculator.iOS", "IMCCalculator\IMCCalculator.iOS\IMCCalculator.iOS.csproj", "{90F20ED0-381B-4B4F-9BCF-C42C78DB4EEC}"
EndProject
Project("{FAE04EC0-301F-11D3-BF4B-00C04F79EFBC}") = "IMCCalculator", "IMCCalculator\IMCCalculator\IMCCalculator.csproj", "{C8B65347-4A40-40B3-8307-ABD7528C2105}"
EndProject
Global
	GlobalSection(SolutionConfigurationPlatforms) = preSolution
		Debug|Any CPU = Debug|Any CPU
		Debug|iPhone = Debug|iPhone
		Debug|iPhoneSimulator = Debug|iPhoneSimulator
		Release|Any CPU = Release|Any CPU
		Release|iPhone = Release|iPhone
		Release|iPhoneSimulator = Release|iPhoneSimulator
	EndGlobalSection
	GlobalSection(ProjectConfigurationPlatforms) = postSolution
		{DC1E3F0D-980E-4848-A78C-4B0C3BF34923}.Debug|Any CPU.ActiveCfg = Debug|Any CPU
		{DC1E3F0D-980E-4848-A78C-4B0C3BF34923}.Debug|Any CPU.Build.0 = Debug|Any CPU
		{DC1E3F0D-980E-4848-A78C-4B0C3BF34923}.Debug|Any CPU.Deploy.0 = Debug|Any CPU
		{DC1E3F0D-980E-4848-A78C-4B0C3BF34923}.Debug|iPhone.ActiveCfg = Debug|Any CPU
		{DC1E3F0D-980E-4848-A78C-4B0C3BF34923}.Debug|iPhone.Build.0 = Debug|Any CPU
		{DC1E3F0D-980E-4848-A78C-4B0C3BF34923}.Debug|iPhone.Deploy.0 = Debug|Any CPU
		{DC1E3F0D-980E-4848-A78C-4B0C3BF34923}.Debug|iPhoneSimulator.ActiveCfg = Debug|Any CPU
		{DC1E3F0D-980E-4848-A78C-4B0C3BF34923}.Debug|iPhoneSimulator.Build.0 = Debug|Any CPU
		{DC1E3F0D-980E-4848-A78C-4B0C3BF34923}.Debug|iPhoneSimulator.Deploy.0 = Debug|Any CPU
		{DC1E3F0D-980E-4848-A78C-4B0C3BF34923}.Release|Any CPU.ActiveCfg = Release|Any CPU
		{DC1E3F0D-980E-4848-A78C-4B0C3BF34923}.Release|Any CPU.Build.0 = Release|Any CPU
		{DC1E3F0D-980E-4848-A78C-4B0C3BF34923}.Release|Any CPU.Deploy.0 = Release|Any CPU
		{DC1E3F0D-980E-4848-A78C-4B0C3BF34923}.Release|iPhone.ActiveCfg = Release|Any CPU
		{DC1E3F0D-980E-4848-A78C-4B0C3BF34923}.Release|iPhone.Build.0 = Release|Any CPU
		{DC1E3F0D-980E-4848-A78C-4B0C3BF34923}.Release|iPhone.Deploy.0 = Release|Any CPU
		{DC1E3F0D-980E-4848-A78C-4B0C3BF34923}.Release|iPhoneSimulator.ActiveCfg = Release|Any CPU
		{DC1E3F0D-980E-4848-A78C-4B0C3BF34923}.Release|iPhoneSimulator.Build.0 = Release|Any CPU
		{DC1E3F0D-980E-4848-A78C-4B0C3BF34923}.Release|iPhoneSimulator.Deploy.0 = Release|Any CPU
		{90F20ED0-381B-4B4F-9BCF-C42C78DB4EEC}.Debug|Any CPU.ActiveCfg = Debug|iPhone
		{90F20ED0-381B-4B4F-9BCF-C42C78DB4EEC}.Debug|Any CPU.Build.0 = Debug|iPhone
		{90F20ED0-381B-4B4F-9BCF-C42C78DB4EEC}.Debug|Any CPU.Deploy.0 = Debug|iPhone
		{90F20ED0-381B-4B4F-9BCF-C42C78DB4EEC}.Debug|iPhone.ActiveCfg = Debug|iPhone
		{90F20ED0-381B-4B4F-9BCF-C42C78DB4EEC}.Debug|iPhone.Build.0 = Debug|iPhone
		{90F20ED0-381B-4B4F-9BCF-C42C78DB4EEC}.Debug|iPhone.Deploy.0 = Debug|iPhone
		{90F20ED0-381B-4B4F-9BCF-C42C78DB4EEC}.Debug|iPhoneSimulator.ActiveCfg = Debug|iPhoneSimulator
		{90F20ED0-381B-4B4F-9BCF-C42C78DB4EEC}.Debug|iPhoneSimulator.Build.0 = Debug|iPhoneSimulator
		{90F20ED0-381B-4B4F-9BCF-C42C78DB4EEC}.Debug|iPhoneSimulator.Deploy.0 = Debug|iPhoneSimulator
		{90F20ED0-381B-4B4F-9BCF-C42C78DB4EEC}.Release|Any CPU.ActiveCfg = Release|iPhoneSimulator
		{90F20ED0-381B-4B4F-9BCF-C42C78DB4EEC}.Release|Any CPU.Build.0 = Release|iPhoneSimulator
		{90F20ED0-381B-4B4F-9BCF-C42C78DB4EEC}.Release|Any CPU.Deploy.0 = Release|iPhoneSimulator
		{90F20ED0-381B-4B4F-9BCF-C42C78DB4EEC}.Release|iPhone.ActiveCfg = Release|iPhone
		{90F20ED0-381B-4B4F-9BCF-C42C78DB4EEC}.Release|iPhone.Build.0 = Release|iPhone
		{90F20ED0-381B-4B4F-9BCF-C42C78DB4EEC}.Release|iPhone.Deploy.0 = Release|iPhone
		{90F20ED0-381B-4B4F-9BCF-C42C78DB4EEC}.Release|iPhoneSimulator.ActiveCfg = Release|iPhoneSimulator
		{90F20ED0-381B-4B4F-9BCF-C42C78DB4EEC}.Release|iPhoneSimulator.Build.0 = Release|iPhoneSimulator
		{90F20ED0-381B-4B4F-9BCF-C42C78DB4EEC}.Release|iPhoneSimulator.Deploy.0 = Release|iPhoneSimulator
		{C8B65347-4A40-40B3-8307-ABD7528C2105}.Debug|Any CPU.ActiveCfg = Debug|Any CPU
		{C8B65347-4A40-40B3-8307-ABD7528C2105}.Debug|Any CPU.Build.0 = Debug|Any CPU
		{C8B65347-4A40-40B3-8307-ABD7528C2105}.Debug|Any CPU.Deploy.0 = Debug|Any CPU
		{C8B65347-4A40-40B3-8307-ABD7528C2105}.Debug|iPhone.ActiveCfg = Debug|Any CPU
		{C8B65347-4A40-40B3-8307-ABD7528C2105}.Debug|iPhone.Build.0 = Debug|Any CPU
		{C8B65347-4A40-40B3-8307-ABD7528C2105}.Debug|iPhone.Deploy.0 = Debug|Any CPU
		{C8B65347-4A40-40B3-8307-ABD7528C2105}.Debug|iPhoneSimulator.ActiveCfg = Debug|Any CPU
		{C8B65347-4A40-40B3-8307-ABD7528C2105}.Debug|iPhoneSimulator.Build.0 = Debug|Any CPU
		{C8B65347-4A40-40B3-8307-ABD7528C2105}.Debug|iPhoneSimulator.Deploy.0 = Debug|Any CPU
		{C8B65347-4A40-40B3-8307-ABD7528C2105}.Release|Any CPU.ActiveCfg = Release|Any CPU
		{C8B65347-4A40-40B3-8307-ABD7528C2105}.Release|Any CPU.Build.0 = Release|Any CPU
		{C8B65347-4A40-40B3-8307-ABD7528C2105}.Release|Any CPU.Deploy.0 = Release|Any CPU
		{C8B65347-4A40-40B3-8307-ABD7528C2105}.Release|iPhone.ActiveCfg = Release|Any CPU
		{C8B65347-4A40-40B3-8307-ABD7528C2105}.Release|iPhone.Build.0 = Release|Any CPU
		{C8B65347-4A40-40B3-8307-ABD7528C2105}.Release|iPhone.Deploy.0 = Release|Any CPU
		{C8B65347-4A40-40B3-8307-ABD7528C2105}.Release|iPhoneSimulator.ActiveCfg = Release|Any CPU
		{C8B65347-4A40-40B3-8307-ABD7528C2105}.Release|iPhoneSimulator.Build.0 = Release|Any CPU
		{C8B65347-4A40-40B3-8307-ABD7528C2105}.Release|iPhoneSimulator.Deploy.0 = Release|Any CPU
	EndGlobalSection
	GlobalSection(SolutionProperties) = preSolution
		HideSolutionNode = FALSE
	EndGlobalSection
	GlobalSection(ExtensibilityGlobals) = postSolution
		SolutionGuid = {C28452AC-D99D-4BD9-89EA-AC498250301D}
	EndGlobalSection
EndGlobal
